<?xml version="1.0" encoding="utf-8"?>
<Project ToolsVersion="4.0" xmlns="http://schemas.microsoft.com/developer/msbuild/2003">
  <ItemGroup>
    <Filter Include="Source Files">
      <UniqueIdentifier>{4FC737F1-C7A5-4376-A066-2A32D752A2FF}</UniqueIdentifier>
      <Extensions>cpp;c;cc;cxx;c++;cppm;ixx;def;odl;idl;hpj;bat;asm;asmx</Extensions>
    </Filter>
    <Filter Include="Header Files">
      <UniqueIdentifier>{93995380-89BD-4b04-88EB-625FBE52EBFB}</UniqueIdentifier>
      <Extensions>h;hh;hpp;hxx;h++;hm;inl;inc;ipp;xsd</Extensions>
    </Filter>
    <Filter Include="Resource Files">
      <UniqueIdentifier>{67DA6AB6-F800-4c08-8B7A-83BB121AAD01}</UniqueIdentifier>
      <Extensions>rc;ico;cur;bmp;dlg;rc2;rct;bin;rgs;gif;jpg;jpeg;jpe;resx;tiff;tif;png;wav;mfcribbon-ms</Extensions>
    </Filter>
    <Filter Include="Samples">
      <UniqueIdentifier>{174d80fa-3e5d-4b20-afbd-866bf98ae02f}</UniqueIdentifier>
    </Filter>
  </ItemGroup>
  <ItemGroup>
    <ClCompile Include="..\samples\inline-keyboard\src\inline-keyboard.cpp">
      <Filter>Samples</Filter>
    </ClCompile>
    <ClCompile Include="..\samples\echobot-setmycommands\src\echobot-setmycommands.cpp">
      <Filter>Samples</Filter>
    </ClCompile>
    <ClCompile Include="..\samples\photo\src\photo.cpp">
      <Filter>Samples</Filter>
    </ClCompile>
    <ClCompile Include="..\Samples\reply-keyboard\src\reply-keyboard.cpp">
      <Filter>Samples</Filter>
    </ClCompile>
    <ClCompile Include="..\Samples\echobot\src\echobot.cpp">
      <Filter>Samples</Filter>
    </ClCompile>
    <ClCompile Include="MathWrapper.cpp">
      <Filter>Source Files</Filter>
    </ClCompile>
    <ClCompile Include="Main.cpp">
      <Filter>Source Files</Filter>
    </ClCompile>
    <ClCompile Include="JuliaWrapper.cpp">
      <Filter>Source Files</Filter>
    </ClCompile>
    <ClCompile Include="..\Samples\echobot-curl-client\src\echobot-curl-client.cpp">
      <Filter>Samples</Filter>
    </ClCompile>
    <ClCompile Include="..\Samples\echobot-submodule\src\echobot-submodule.cpp">
      <Filter>Samples</Filter>
    </ClCompile>
    <ClCompile Include="..\Samples\echobot-webhook-server\src\echobot-webhook-server.cpp">
      <Filter>Samples</Filter>
    </ClCompile>
    <ClCompile Include="source.cpp">
      <Filter>Samples</Filter>
    </ClCompile>
  </ItemGroup>
  <ItemGroup>
    <ClInclude Include="MathWrapper.h">
      <Filter>Header Files</Filter>
    </ClInclude>
    <ClInclude Include="JuliaWrapper.h">
      <Filter>Header Files</Filter>
    </ClInclude>
  </ItemGroup>
</Project>